// !$*UTF8*$!
{
	archiveVersion = 1;
	classes = {
	};
	objectVersion = 55;
	objects = {

/* Begin PBXBuildFile section */
		3E0C1196283BBE0A00001F23 /* Bet.swift in Sources */ = {isa = PBXBuildFile; fileRef = 3E0C1195283BBE0A00001F23 /* Bet.swift */; };
		3E9902B7295979FC00A94A3C /* Resources.swift in Sources */ = {isa = PBXBuildFile; fileRef = 3E9902B6295979FC00A94A3C /* Resources.swift */; };
		3E9902B929597A5200A94A3C /* UIColor + Extension.swift in Sources */ = {isa = PBXBuildFile; fileRef = 3E9902B829597A5200A94A3C /* UIColor + Extension.swift */; };
		3E9902BB29597CB900A94A3C /* UIView + Extension.swift in Sources */ = {isa = PBXBuildFile; fileRef = 3E9902BA29597CB900A94A3C /* UIView + Extension.swift */; };
		A33FA74F283E7F2600705E8E /* DataManager.swift in Sources */ = {isa = PBXBuildFile; fileRef = A33FA74E283E7F2600705E8E /* DataManager.swift */; };
		A36510B9283E5DEC00A809D2 /* UITextField Extension.swift in Sources */ = {isa = PBXBuildFile; fileRef = A36510B8283E5DEC00A809D2 /* UITextField Extension.swift */; };
		A3AD0395283B789000A91BAE /* AppDelegate.swift in Sources */ = {isa = PBXBuildFile; fileRef = A3AD0394283B789000A91BAE /* AppDelegate.swift */; };
		A3AD0397283B789000A91BAE /* SceneDelegate.swift in Sources */ = {isa = PBXBuildFile; fileRef = A3AD0396283B789000A91BAE /* SceneDelegate.swift */; };
		A3AD0399283B789000A91BAE /* MainViewController.swift in Sources */ = {isa = PBXBuildFile; fileRef = A3AD0398283B789000A91BAE /* MainViewController.swift */; };
		A3AD039E283B789200A91BAE /* Assets.xcassets in Resources */ = {isa = PBXBuildFile; fileRef = A3AD039D283B789200A91BAE /* Assets.xcassets */; };
		A3AD03A1283B789200A91BAE /* LaunchScreen.storyboard in Resources */ = {isa = PBXBuildFile; fileRef = A3AD039F283B789200A91BAE /* LaunchScreen.storyboard */; };
		A3AD03A9283BC6A000A91BAE /* TabBarController.swift in Sources */ = {isa = PBXBuildFile; fileRef = A3AD03A8283BC6A000A91BAE /* TabBarController.swift */; };
		A3AD03AB283BC75100A91BAE /* StatViewController.swift in Sources */ = {isa = PBXBuildFile; fileRef = A3AD03AA283BC75100A91BAE /* StatViewController.swift */; };
		A3AD03AD283BC78800A91BAE /* AuthorsViewController.swift in Sources */ = {isa = PBXBuildFile; fileRef = A3AD03AC283BC78800A91BAE /* AuthorsViewController.swift */; };
		A3AD03B7283BE6CC00A91BAE /* StackView + Extension.swift in Sources */ = {isa = PBXBuildFile; fileRef = A3AD03B2283BE6CC00A91BAE /* StackView + Extension.swift */; };
		A3AD03B8283BE6CC00A91BAE /* UIImageView + Extension.swift in Sources */ = {isa = PBXBuildFile; fileRef = A3AD03B3283BE6CC00A91BAE /* UIImageView + Extension.swift */; };
		A3AD03B9283BE6CC00A91BAE /* UILabel Extension.swift in Sources */ = {isa = PBXBuildFile; fileRef = A3AD03B4283BE6CC00A91BAE /* UILabel Extension.swift */; };
		A3AD03BA283BE6CC00A91BAE /* UIButton + Extension.swift in Sources */ = {isa = PBXBuildFile; fileRef = A3AD03B5283BE6CC00A91BAE /* UIButton + Extension.swift */; };
		A3AD03BD283BEBF400A91BAE /* CustomCollectionViewCell.swift in Sources */ = {isa = PBXBuildFile; fileRef = A3AD03BC283BEBF400A91BAE /* CustomCollectionViewCell.swift */; };
		A3AD03BF283E4B5C00A91BAE /* UIColor Extension.swift in Sources */ = {isa = PBXBuildFile; fileRef = A3AD03BE283E4B5C00A91BAE /* UIColor Extension.swift */; };
		A3AD03C1283E521800A91BAE /* NewBetViewController.swift in Sources */ = {isa = PBXBuildFile; fileRef = A3AD03C0283E521800A91BAE /* NewBetViewController.swift */; };
/* End PBXBuildFile section */

/* Begin PBXFileReference section */
		3E0C1195283BBE0A00001F23 /* Bet.swift */ = {isa = PBXFileReference; lastKnownFileType = sourcecode.swift; path = Bet.swift; sourceTree = "<group>"; };
		3E9902B6295979FC00A94A3C /* Resources.swift */ = {isa = PBXFileReference; lastKnownFileType = sourcecode.swift; path = Resources.swift; sourceTree = "<group>"; };
		3E9902B829597A5200A94A3C /* UIColor + Extension.swift */ = {isa = PBXFileReference; lastKnownFileType = sourcecode.swift; path = "UIColor + Extension.swift"; sourceTree = "<group>"; };
		3E9902BA29597CB900A94A3C /* UIView + Extension.swift */ = {isa = PBXFileReference; lastKnownFileType = sourcecode.swift; path = "UIView + Extension.swift"; sourceTree = "<group>"; };
		A33FA74E283E7F2600705E8E /* DataManager.swift */ = {isa = PBXFileReference; fileEncoding = 4; lastKnownFileType = sourcecode.swift; path = DataManager.swift; sourceTree = "<group>"; };
		A36510B8283E5DEC00A809D2 /* UITextField Extension.swift */ = {isa = PBXFileReference; lastKnownFileType = sourcecode.swift; path = "UITextField Extension.swift"; sourceTree = "<group>"; };
		A3AD0391283B789000A91BAE /* BetApp.app */ = {isa = PBXFileReference; explicitFileType = wrapper.application; includeInIndex = 0; path = BetApp.app; sourceTree = BUILT_PRODUCTS_DIR; };
		A3AD0394283B789000A91BAE /* AppDelegate.swift */ = {isa = PBXFileReference; lastKnownFileType = sourcecode.swift; path = AppDelegate.swift; sourceTree = "<group>"; };
		A3AD0396283B789000A91BAE /* SceneDelegate.swift */ = {isa = PBXFileReference; lastKnownFileType = sourcecode.swift; path = SceneDelegate.swift; sourceTree = "<group>"; };
		A3AD0398283B789000A91BAE /* MainViewController.swift */ = {isa = PBXFileReference; lastKnownFileType = sourcecode.swift; path = MainViewController.swift; sourceTree = "<group>"; };
		A3AD039D283B789200A91BAE /* Assets.xcassets */ = {isa = PBXFileReference; lastKnownFileType = folder.assetcatalog; path = Assets.xcassets; sourceTree = "<group>"; };
		A3AD03A0283B789200A91BAE /* Base */ = {isa = PBXFileReference; lastKnownFileType = file.storyboard; name = Base; path = Base.lproj/LaunchScreen.storyboard; sourceTree = "<group>"; };
		A3AD03A2283B789200A91BAE /* Info.plist */ = {isa = PBXFileReference; lastKnownFileType = text.plist.xml; path = Info.plist; sourceTree = "<group>"; };
		A3AD03A8283BC6A000A91BAE /* TabBarController.swift */ = {isa = PBXFileReference; lastKnownFileType = sourcecode.swift; path = TabBarController.swift; sourceTree = "<group>"; };
		A3AD03AA283BC75100A91BAE /* StatViewController.swift */ = {isa = PBXFileReference; lastKnownFileType = sourcecode.swift; path = StatViewController.swift; sourceTree = "<group>"; };
		A3AD03AC283BC78800A91BAE /* AuthorsViewController.swift */ = {isa = PBXFileReference; lastKnownFileType = sourcecode.swift; path = AuthorsViewController.swift; sourceTree = "<group>"; };
		A3AD03B2283BE6CC00A91BAE /* StackView + Extension.swift */ = {isa = PBXFileReference; fileEncoding = 4; lastKnownFileType = sourcecode.swift; path = "StackView + Extension.swift"; sourceTree = "<group>"; };
		A3AD03B3283BE6CC00A91BAE /* UIImageView + Extension.swift */ = {isa = PBXFileReference; fileEncoding = 4; lastKnownFileType = sourcecode.swift; path = "UIImageView + Extension.swift"; sourceTree = "<group>"; };
		A3AD03B4283BE6CC00A91BAE /* UILabel Extension.swift */ = {isa = PBXFileReference; fileEncoding = 4; lastKnownFileType = sourcecode.swift; path = "UILabel Extension.swift"; sourceTree = "<group>"; };
		A3AD03B5283BE6CC00A91BAE /* UIButton + Extension.swift */ = {isa = PBXFileReference; fileEncoding = 4; lastKnownFileType = sourcecode.swift; path = "UIButton + Extension.swift"; sourceTree = "<group>"; };
		A3AD03BC283BEBF400A91BAE /* CustomCollectionViewCell.swift */ = {isa = PBXFileReference; lastKnownFileType = sourcecode.swift; path = CustomCollectionViewCell.swift; sourceTree = "<group>"; };
		A3AD03BE283E4B5C00A91BAE /* UIColor Extension.swift */ = {isa = PBXFileReference; lastKnownFileType = sourcecode.swift; path = "UIColor Extension.swift"; sourceTree = "<group>"; };
		A3AD03C0283E521800A91BAE /* NewBetViewController.swift */ = {isa = PBXFileReference; lastKnownFileType = sourcecode.swift; path = NewBetViewController.swift; sourceTree = "<group>"; };
/* End PBXFileReference section */

/* Begin PBXFrameworksBuildPhase section */
		A3AD038E283B789000A91BAE /* Frameworks */ = {
			isa = PBXFrameworksBuildPhase;
			buildActionMask = 2147483647;
			files = (
			);
			runOnlyForDeploymentPostprocessing = 0;
		};
/* End PBXFrameworksBuildPhase section */

/* Begin PBXGroup section */
		3E0C1197283BBE2300001F23 /* Models */ = {
			isa = PBXGroup;
			children = (
				3E0C1195283BBE0A00001F23 /* Bet.swift */,
			);
			path = Models;
			sourceTree = "<group>";
		};
		A33FA74D283E7F2600705E8E /* Managers */ = {
			isa = PBXGroup;
			children = (
				A33FA74E283E7F2600705E8E /* DataManager.swift */,
			);
			path = Managers;
			sourceTree = "<group>";
		};
		A3AD0388283B789000A91BAE = {
			isa = PBXGroup;
			children = (
				A3AD0393283B789000A91BAE /* BetApp */,
				A3AD0392283B789000A91BAE /* Products */,
			);
			sourceTree = "<group>";
		};
		A3AD0392283B789000A91BAE /* Products */ = {
			isa = PBXGroup;
			children = (
				A3AD0391283B789000A91BAE /* BetApp.app */,
			);
			name = Products;
			sourceTree = "<group>";
		};
		A3AD0393283B789000A91BAE /* BetApp */ = {
			isa = PBXGroup;
			children = (
				3E9902B6295979FC00A94A3C /* Resources.swift */,
				A3AD0394283B789000A91BAE /* AppDelegate.swift */,
				A3AD0396283B789000A91BAE /* SceneDelegate.swift */,
				A3AD03AF283BE66200A91BAE /* Extensions */,
				3E0C1197283BBE2300001F23 /* Models */,
				A33FA74D283E7F2600705E8E /* Managers */,
				A3AD03AE283BCD4D00A91BAE /* ViewControllers */,
				A3AD039D283B789200A91BAE /* Assets.xcassets */,
				A3AD039F283B789200A91BAE /* LaunchScreen.storyboard */,
				A3AD03A2283B789200A91BAE /* Info.plist */,
				A3AD03BE283E4B5C00A91BAE /* UIColor Extension.swift */,
			);
			path = BetApp;
			sourceTree = "<group>";
		};
		A3AD03AE283BCD4D00A91BAE /* ViewControllers */ = {
			isa = PBXGroup;
			children = (
				A3AD03A8283BC6A000A91BAE /* TabBarController.swift */,
				A3AD0398283B789000A91BAE /* MainViewController.swift */,
				A3AD03C0283E521800A91BAE /* NewBetViewController.swift */,
				A3AD03AA283BC75100A91BAE /* StatViewController.swift */,
				A3AD03AC283BC78800A91BAE /* AuthorsViewController.swift */,
			);
			path = ViewControllers;
			sourceTree = "<group>";
		};
		A3AD03AF283BE66200A91BAE /* Extensions */ = {
			isa = PBXGroup;
			children = (
				A3AD03B2283BE6CC00A91BAE /* StackView + Extension.swift */,
				A3AD03B5283BE6CC00A91BAE /* UIButton + Extension.swift */,
				A3AD03B3283BE6CC00A91BAE /* UIImageView + Extension.swift */,
				A3AD03B4283BE6CC00A91BAE /* UILabel Extension.swift */,
				A36510B8283E5DEC00A809D2 /* UITextField Extension.swift */,
				A3AD03BC283BEBF400A91BAE /* CustomCollectionViewCell.swift */,
				3E9902BA29597CB900A94A3C /* UIView + Extension.swift */,
				3E9902B829597A5200A94A3C /* UIColor + Extension.swift */,
			);
			path = Extensions;
			sourceTree = "<group>";
		};
/* End PBXGroup section */

/* Begin PBXNativeTarget section */
		A3AD0390283B789000A91BAE /* BetApp */ = {
			isa = PBXNativeTarget;
			buildConfigurationList = A3AD03A5283B789200A91BAE /* Build configuration list for PBXNativeTarget "BetApp" */;
			buildPhases = (
				A3AD038D283B789000A91BAE /* Sources */,
				A3AD038E283B789000A91BAE /* Frameworks */,
				A3AD038F283B789000A91BAE /* Resources */,
			);
			buildRules = (
			);
			dependencies = (
			);
			name = BetApp;
			productName = BetApp;
			productReference = A3AD0391283B789000A91BAE /* BetApp.app */;
			productType = "com.apple.product-type.application";
		};
/* End PBXNativeTarget section */

/* Begin PBXProject section */
		A3AD0389283B789000A91BAE /* Project object */ = {
			isa = PBXProject;
			attributes = {
				BuildIndependentTargetsInParallel = 1;
				LastSwiftUpdateCheck = 1330;
				LastUpgradeCheck = 1330;
				TargetAttributes = {
					A3AD0390283B789000A91BAE = {
						CreatedOnToolsVersion = 13.3.1;
					};
				};
			};
			buildConfigurationList = A3AD038C283B789000A91BAE /* Build configuration list for PBXProject "BetApp" */;
			compatibilityVersion = "Xcode 13.0";
			developmentRegion = en;
			hasScannedForEncodings = 0;
			knownRegions = (
				en,
				Base,
			);
			mainGroup = A3AD0388283B789000A91BAE;
			productRefGroup = A3AD0392283B789000A91BAE /* Products */;
			projectDirPath = "";
			projectRoot = "";
			targets = (
				A3AD0390283B789000A91BAE /* BetApp */,
			);
		};
/* End PBXProject section */

/* Begin PBXResourcesBuildPhase section */
		A3AD038F283B789000A91BAE /* Resources */ = {
			isa = PBXResourcesBuildPhase;
			buildActionMask = 2147483647;
			files = (
				A3AD03A1283B789200A91BAE /* LaunchScreen.storyboard in Resources */,
				A3AD039E283B789200A91BAE /* Assets.xcassets in Resources */,
			);
			runOnlyForDeploymentPostprocessing = 0;
		};
/* End PBXResourcesBuildPhase section */

/* Begin PBXSourcesBuildPhase section */
		A3AD038D283B789000A91BAE /* Sources */ = {
			isa = PBXSourcesBuildPhase;
			buildActionMask = 2147483647;
			files = (
				A3AD03B7283BE6CC00A91BAE /* StackView + Extension.swift in Sources */,
				A36510B9283E5DEC00A809D2 /* UITextField Extension.swift in Sources */,
				A3AD03BD283BEBF400A91BAE /* CustomCollectionViewCell.swift in Sources */,
				A3AD03BF283E4B5C00A91BAE /* UIColor Extension.swift in Sources */,
				A3AD0399283B789000A91BAE /* MainViewController.swift in Sources */,
				A3AD0395283B789000A91BAE /* AppDelegate.swift in Sources */,
				A3AD03B8283BE6CC00A91BAE /* UIImageView + Extension.swift in Sources */,
				A3AD03AD283BC78800A91BAE /* AuthorsViewController.swift in Sources */,
				A33FA74F283E7F2600705E8E /* DataManager.swift in Sources */,
				3E9902B929597A5200A94A3C /* UIColor + Extension.swift in Sources */,
				3E9902B7295979FC00A94A3C /* Resources.swift in Sources */,
				A3AD03B9283BE6CC00A91BAE /* UILabel Extension.swift in Sources */,
				A3AD03C1283E521800A91BAE /* NewBetViewController.swift in Sources */,
				A3AD03A9283BC6A000A91BAE /* TabBarController.swift in Sources */,
				A3AD0397283B789000A91BAE /* SceneDelegate.swift in Sources */,
				3E0C1196283BBE0A00001F23 /* Bet.swift in Sources */,
				A3AD03AB283BC75100A91BAE /* StatViewController.swift in Sources */,
				3E9902BB29597CB900A94A3C /* UIView + Extension.swift in Sources */,
				A3AD03BA283BE6CC00A91BAE /* UIButton + Extension.swift in Sources */,
			);
			runOnlyForDeploymentPostprocessing = 0;
		};
/* End PBXSourcesBuildPhase section */

/* Begin PBXVariantGroup section */
		A3AD039F283B789200A91BAE /* LaunchScreen.storyboard */ = {
			isa = PBXVariantGroup;
			children = (
				A3AD03A0283B789200A91BAE /* Base */,
			);
			name = LaunchScreen.storyboard;
			sourceTree = "<group>";
		};
/* End PBXVariantGroup section */

/* Begin XCBuildConfiguration section */
		A3AD03A3283B789200A91BAE /* Debug */ = {
			isa = XCBuildConfiguration;
			buildSettings = {
				ALWAYS_SEARCH_USER_PATHS = NO;
				CLANG_ANALYZER_NONNULL = YES;
				CLANG_ANALYZER_NUMBER_OBJECT_CONVERSION = YES_AGGRESSIVE;
				CLANG_CXX_LANGUAGE_STANDARD = "gnu++17";
				CLANG_ENABLE_MODULES = YES;
				CLANG_ENABLE_OBJC_ARC = YES;
				CLANG_ENABLE_OBJC_WEAK = YES;
				CLANG_WARN_BLOCK_CAPTURE_AUTORELEASING = YES;
				CLANG_WARN_BOOL_CONVERSION = YES;
				CLANG_WARN_COMMA = YES;
				CLANG_WARN_CONSTANT_CONVERSION = YES;
				CLANG_WARN_DEPRECATED_OBJC_IMPLEMENTATIONS = YES;
				CLANG_WARN_DIRECT_OBJC_ISA_USAGE = YES_ERROR;
				CLANG_WARN_DOCUMENTATION_COMMENTS = YES;
				CLANG_WARN_EMPTY_BODY = YES;
				CLANG_WARN_ENUM_CONVERSION = YES;
				CLANG_WARN_INFINITE_RECURSION = YES;
				CLANG_WARN_INT_CONVERSION = YES;
				CLANG_WARN_NON_LITERAL_NULL_CONVERSION = YES;
				CLANG_WARN_OBJC_IMPLICIT_RETAIN_SELF = YES;
				CLANG_WARN_OBJC_LITERAL_CONVERSION = YES;
				CLANG_WARN_OBJC_ROOT_CLASS = YES_ERROR;
				CLANG_WARN_QUOTED_INCLUDE_IN_FRAMEWORK_HEADER = YES;
				CLANG_WARN_RANGE_LOOP_ANALYSIS = YES;
				CLANG_WARN_STRICT_PROTOTYPES = YES;
				CLANG_WARN_SUSPICIOUS_MOVE = YES;
				CLANG_WARN_UNGUARDED_AVAILABILITY = YES_AGGRESSIVE;
				CLANG_WARN_UNREACHABLE_CODE = YES;
				CLANG_WARN__DUPLICATE_METHOD_MATCH = YES;
				COPY_PHASE_STRIP = NO;
				DEBUG_INFORMATION_FORMAT = dwarf;
				ENABLE_STRICT_OBJC_MSGSEND = YES;
				ENABLE_TESTABILITY = YES;
				GCC_C_LANGUAGE_STANDARD = gnu11;
				GCC_DYNAMIC_NO_PIC = NO;
				GCC_NO_COMMON_BLOCKS = YES;
				GCC_OPTIMIZATION_LEVEL = 0;
				GCC_PREPROCESSOR_DEFINITIONS = (
					"DEBUG=1",
					"$(inherited)",
				);
				GCC_WARN_64_TO_32_BIT_CONVERSION = YES;
				GCC_WARN_ABOUT_RETURN_TYPE = YES_ERROR;
				GCC_WARN_UNDECLARED_SELECTOR = YES;
				GCC_WARN_UNINITIALIZED_AUTOS = YES_AGGRESSIVE;
				GCC_WARN_UNUSED_FUNCTION = YES;
				GCC_WARN_UNUSED_VARIABLE = YES;
				IPHONEOS_DEPLOYMENT_TARGET = 15.4;
				MTL_ENABLE_DEBUG_INFO = INCLUDE_SOURCE;
				MTL_FAST_MATH = YES;
				ONLY_ACTIVE_ARCH = YES;
				SDKROOT = iphoneos;
				SWIFT_ACTIVE_COMPILATION_CONDITIONS = DEBUG;
				SWIFT_OPTIMIZATION_LEVEL = "-Onone";
			};
			name = Debug;
		};
		A3AD03A4283B789200A91BAE /* Release */ = {
			isa = XCBuildConfiguration;
			buildSettings = {
				ALWAYS_SEARCH_USER_PATHS = NO;
				CLANG_ANALYZER_NONNULL = YES;
				CLANG_ANALYZER_NUMBER_OBJECT_CONVERSION = YES_AGGRESSIVE;
				CLANG_CXX_LANGUAGE_STANDARD = "gnu++17";
				CLANG_ENABLE_MODULES = YES;
				CLANG_ENABLE_OBJC_ARC = YES;
				CLANG_ENABLE_OBJC_WEAK = YES;
				CLANG_WARN_BLOCK_CAPTURE_AUTORELEASING = YES;
				CLANG_WARN_BOOL_CONVERSION = YES;
				CLANG_WARN_COMMA = YES;
				CLANG_WARN_CONSTANT_CONVERSION = YES;
				CLANG_WARN_DEPRECATED_OBJC_IMPLEMENTATIONS = YES;
				CLANG_WARN_DIRECT_OBJC_ISA_USAGE = YES_ERROR;
				CLANG_WARN_DOCUMENTATION_COMMENTS = YES;
				CLANG_WARN_EMPTY_BODY = YES;
				CLANG_WARN_ENUM_CONVERSION = YES;
				CLANG_WARN_INFINITE_RECURSION = YES;
				CLANG_WARN_INT_CONVERSION = YES;
				CLANG_WARN_NON_LITERAL_NULL_CONVERSION = YES;
				CLANG_WARN_OBJC_IMPLICIT_RETAIN_SELF = YES;
				CLANG_WARN_OBJC_LITERAL_CONVERSION = YES;
				CLANG_WARN_OBJC_ROOT_CLASS = YES_ERROR;
				CLANG_WARN_QUOTED_INCLUDE_IN_FRAMEWORK_HEADER = YES;
				CLANG_WARN_RANGE_LOOP_ANALYSIS = YES;
				CLANG_WARN_STRICT_PROTOTYPES = YES;
				CLANG_WARN_SUSPICIOUS_MOVE = YES;
				CLANG_WARN_UNGUARDED_AVAILABILITY = YES_AGGRESSIVE;
				CLANG_WARN_UNREACHABLE_CODE = YES;
				CLANG_WARN__DUPLICATE_METHOD_MATCH = YES;
				COPY_PHASE_STRIP = NO;
				DEBUG_INFORMATION_FORMAT = "dwarf-with-dsym";
				ENABLE_NS_ASSERTIONS = NO;
				ENABLE_STRICT_OBJC_MSGSEND = YES;
				GCC_C_LANGUAGE_STANDARD = gnu11;
				GCC_NO_COMMON_BLOCKS = YES;
				GCC_WARN_64_TO_32_BIT_CONVERSION = YES;
				GCC_WARN_ABOUT_RETURN_TYPE = YES_ERROR;
				GCC_WARN_UNDECLARED_SELECTOR = YES;
				GCC_WARN_UNINITIALIZED_AUTOS = YES_AGGRESSIVE;
				GCC_WARN_UNUSED_FUNCTION = YES;
				GCC_WARN_UNUSED_VARIABLE = YES;
				IPHONEOS_DEPLOYMENT_TARGET = 15.4;
				MTL_ENABLE_DEBUG_INFO = NO;
				MTL_FAST_MATH = YES;
				SDKROOT = iphoneos;
				SWIFT_COMPILATION_MODE = wholemodule;
				SWIFT_OPTIMIZATION_LEVEL = "-O";
				VALIDATE_PRODUCT = YES;
			};
			name = Release;
		};
		A3AD03A6283B789200A91BAE /* Debug */ = {
			isa = XCBuildConfiguration;
			buildSettings = {
				ASSETCATALOG_COMPILER_APPICON_NAME = AppIcon;
				ASSETCATALOG_COMPILER_GLOBAL_ACCENT_COLOR_NAME = AccentColor;
				CODE_SIGN_STYLE = Automatic;
				CURRENT_PROJECT_VERSION = 1;
				DEVELOPMENT_TEAM = 64V4X3L8W4;
				GENERATE_INFOPLIST_FILE = YES;
				INFOPLIST_FILE = BetApp/Info.plist;
				INFOPLIST_KEY_UIApplicationSupportsIndirectInputEvents = YES;
				INFOPLIST_KEY_UILaunchStoryboardName = LaunchScreen;
				INFOPLIST_KEY_UISupportedInterfaceOrientations_iPad = "UIInterfaceOrientationPortrait UIInterfaceOrientationPortraitUpsideDown UIInterfaceOrientationLandscapeLeft UIInterfaceOrientationLandscapeRight";
				INFOPLIST_KEY_UISupportedInterfaceOrientations_iPhone = "UIInterfaceOrientationPortrait UIInterfaceOrientationLandscapeLeft UIInterfaceOrientationLandscapeRight";
				LD_RUNPATH_SEARCH_PATHS = (
					"$(inherited)",
					"@executable_path/Frameworks",
				);
				MARKETING_VERSION = 1.0;
				PRODUCT_BUNDLE_IDENTIFIER = com.pleskanev.BetApp;
				PRODUCT_NAME = "$(TARGET_NAME)";
				SWIFT_EMIT_LOC_STRINGS = YES;
				SWIFT_VERSION = 5.0;
				TARGETED_DEVICE_FAMILY = 1;
			};
			name = Debug;
		};
		A3AD03A7283B789200A91BAE /* Release */ = {
			isa = XCBuildConfiguration;
			buildSettings = {
				ASSETCATALOG_COMPILER_APPICON_NAME = AppIcon;
				ASSETCATALOG_COMPILER_GLOBAL_ACCENT_COLOR_NAME = AccentColor;
				CODE_SIGN_STYLE = Automatic;
				CURRENT_PROJECT_VERSION = 1;
				DEVELOPMENT_TEAM = 64V4X3L8W4;
				GENERATE_INFOPLIST_FILE = YES;
				INFOPLIST_FILE = BetApp/Info.plist;
				INFOPLIST_KEY_UIApplicationSupportsIndirectInputEvents = YES;
				INFOPLIST_KEY_UILaunchStoryboardName = LaunchScreen;
				INFOPLIST_KEY_UISupportedInterfaceOrientations_iPad = "UIInterfaceOrientationPortrait UIInterfaceOrientationPortraitUpsideDown UIInterfaceOrientationLandscapeLeft UIInterfaceOrientationLandscapeRight";
				INFOPLIST_KEY_UISupportedInterfaceOrientations_iPhone = "UIInterfaceOrientationPortrait UIInterfaceOrientationLandscapeLeft UIInterfaceOrientationLandscapeRight";
				LD_RUNPATH_SEARCH_PATHS = (
					"$(inherited)",
					"@executable_path/Frameworks",
				);
				MARKETING_VERSION = 1.0;
				PRODUCT_BUNDLE_IDENTIFIER = com.pleskanev.BetApp;
				PRODUCT_NAME = "$(TARGET_NAME)";
				SWIFT_EMIT_LOC_STRINGS = YES;
				SWIFT_VERSION = 5.0;
				TARGETED_DEVICE_FAMILY = 1;
			};
			name = Release;
		};
/* End XCBuildConfiguration section */

/* Begin XCConfigurationList section */
		A3AD038C283B789000A91BAE /* Build configuration list for PBXProject "BetApp" */ = {
			isa = XCConfigurationList;
			buildConfigurations = (
				A3AD03A3283B789200A91BAE /* Debug */,
				A3AD03A4283B789200A91BAE /* Release */,
			);
			defaultConfigurationIsVisible = 0;
			defaultConfigurationName = Release;
		};
		A3AD03A5283B789200A91BAE /* Build configuration list for PBXNativeTarget "BetApp" */ = {
			isa = XCConfigurationList;
			buildConfigurations = (
				A3AD03A6283B789200A91BAE /* Debug */,
				A3AD03A7283B789200A91BAE /* Release */,
			);
			defaultConfigurationIsVisible = 0;
			defaultConfigurationName = Release;
		};
/* End XCConfigurationList section */
	};
	rootObject = A3AD0389283B789000A91BAE /* Project object */;
}
